
Microsoft Visual Studio Solution File, Format Version 12.00
# Visual Studio 15
VisualStudioVersion = 15.0.26730.8
MinimumVisualStudioVersion = 10.0.40219.1
Project("{FAE04EC0-301F-11D3-BF4B-00C04F79EFBC}") = "RepositorioMusical", "RepositorioMusical\RepositorioMusical.csproj", "{1E3A2BB4-4393-4E95-929E-98E322CD85FB}"
EndProject
Global
	GlobalSection(SolutionConfigurationPlatforms) = preSolution
		Debug|Any CPU = Debug|Any CPU
		Release|Any CPU = Release|Any CPU
	EndGlobalSection
	GlobalSection(ProjectConfigurationPlatforms) = postSolution
		{1E3A2BB4-4393-4E95-929E-98E322CD85FB}.Debug|Any CPU.ActiveCfg = Debug|Any CPU
		{1E3A2BB4-4393-4E95-929E-98E322CD85FB}.Debug|Any CPU.Build.0 = Debug|Any CPU
		{1E3A2BB4-4393-4E95-929E-98E322CD85FB}.Release|Any CPU.ActiveCfg = Release|Any CPU
		{1E3A2BB4-4393-4E95-929E-98E322CD85FB}.Release|Any CPU.Build.0 = Release|Any CPU
	EndGlobalSection
	GlobalSection(SolutionProperties) = preSolution
		HideSolutionNode = FALSE
	EndGlobalSection
	GlobalSection(ExtensibilityGlobals) = postSolution
		SolutionGuid = {7F3C2EAF-A4DA-4CA9-BE82-E1B03FB9124A}
	EndGlobalSection
EndGlobal
